# THIS IS AN AUTOGENERATED FILE. DO NOT EDIT THIS FILE DIRECTLY.
# yarn lockfile v1


ignite-ir-boilerplate@^2.3.1:
  version "2.3.1"
  resolved "https://registry.yarnpkg.com/ignite-ir-boilerplate/-/ignite-ir-boilerplate-2.3.1.tgz#b5870b487e339e2d81980a2d3a0e958eae9e4ff8"
  dependencies:
    ramda "^0.23.0"

ramda@^0.23.0:
  version "0.23.0"
  resolved "https://registry.yarnpkg.com/ramda/-/ramda-0.23.0.tgz#ccd13fff73497a93974e3e86327bfd87bd6e8e2b"
